<?xml version="1.0" encoding="utf-8"?>
<Project ToolsVersion="4.0" xmlns="http://schemas.microsoft.com/developer/msbuild/2003">
  <ItemGroup>
    <Filter Include="Source Files">
      <UniqueIdentifier>{4FC737F1-C7A5-4376-A066-2A32D752A2FF}</UniqueIdentifier>
      <Extensions>cpp;c;cc;cxx;def;odl;idl;hpj;bat;asm;asmx</Extensions>
    </Filter>
    <Filter Include="Header Files">
      <UniqueIdentifier>{93995380-89BD-4b04-88EB-625FBE52EBFB}</UniqueIdentifier>
      <Extensions>h;hh;hpp;hxx;hm;inl;inc;ipp;xsd</Extensions>
    </Filter>
    <Filter Include="Resource Files">
      <UniqueIdentifier>{67DA6AB6-F800-4c08-8B7A-83BB121AAD01}</UniqueIdentifier>
      <Extensions>rc;ico;cur;bmp;dlg;rc2;rct;bin;rgs;gif;jpg;jpeg;jpe;resx;tiff;tif;png;wav;mfcribbon-ms</Extensions>
    </Filter>
    <Filter Include="Header Files\tads">
      <UniqueIdentifier>{67e0327b-5cba-4099-b139-007e16820eec}</UniqueIdentifier>
    </Filter>
    <Filter Include="Source Files\tads">
      <UniqueIdentifier>{ee71b953-33c2-4ea9-9d9f-ac48b1b278e5}</UniqueIdentifier>
    </Filter>
    <Filter Include="Source Files\aggregations">
      <UniqueIdentifier>{84f41ca1-ee07-4a3c-ae92-18ad1632ff0b}</UniqueIdentifier>
    </Filter>
    <Filter Include="Header Files\aggregations">
      <UniqueIdentifier>{99ff0c6a-2812-4b02-8c44-6a3a30958325}</UniqueIdentifier>
    </Filter>
    <Filter Include="Header Files\data">
      <UniqueIdentifier>{616c67d5-6a69-45d4-a507-df9d1761b7b8}</UniqueIdentifier>
    </Filter>
    <Filter Include="Source Files\data">
      <UniqueIdentifier>{d2dd3d28-eb68-4593-b203-b51e4b051e21}</UniqueIdentifier>
    </Filter>
    <Filter Include="Source Files\neuralnet">
      <UniqueIdentifier>{e5508cdb-8001-478c-aadf-85d3e0fad84c}</UniqueIdentifier>
    </Filter>
    <Filter Include="Header Files\neuralnet">
      <UniqueIdentifier>{cfee5a1b-8a58-48c3-ac78-29977637a9a9}</UniqueIdentifier>
    </Filter>
    <Filter Include="Header Files\info">
      <UniqueIdentifier>{a9a7daf2-bfce-428e-936a-e27daa1a398a}</UniqueIdentifier>
    </Filter>
    <Filter Include="Source Files\info">
      <UniqueIdentifier>{18c1e050-340d-4e9d-bcd4-7a325bf9156d}</UniqueIdentifier>
    </Filter>
  </ItemGroup>
  <ItemGroup>
    <ClInclude Include="utils.h">
      <Filter>Header Files</Filter>
    </ClInclude>
    <ClInclude Include="avg.h">
      <Filter>Header Files\aggregations</Filter>
    </ClInclude>
    <ClInclude Include="listElem.h">
      <Filter>Header Files\tads</Filter>
    </ClInclude>
    <ClInclude Include="clinicalData.h">
      <Filter>Header Files\data</Filter>
    </ClInclude>
    <ClInclude Include="patient.h">
      <Filter>Header Files\data</Filter>
    </ClInclude>
    <ClInclude Include="districtAvg.h">
      <Filter>Header Files\data</Filter>
    </ClInclude>
    <ClInclude Include="mapElem.h">
      <Filter>Header Files\tads</Filter>
    </ClInclude>
    <ClInclude Include="calculateAvg.h">
      <Filter>Header Files\data</Filter>
    </ClInclude>
    <ClInclude Include="stringCode.h">
      <Filter>Header Files\tads</Filter>
    </ClInclude>
    <ClInclude Include="sort.h">
      <Filter>Header Files\aggregations</Filter>
    </ClInclude>
    <ClInclude Include="checkDistrict.h">
      <Filter>Header Files\aggregations</Filter>
    </ClInclude>
    <ClInclude Include="queueElem.h">
      <Filter>Header Files\tads</Filter>
    </ClInclude>
    <ClInclude Include="listTad.h">
      <Filter>Header Files\tads</Filter>
    </ClInclude>
    <ClInclude Include="mapTad.h">
      <Filter>Header Files\tads</Filter>
    </ClInclude>
    <ClInclude Include="queueTad.h">
      <Filter>Header Files\tads</Filter>
    </ClInclude>
    <ClInclude Include="queue.h">
      <Filter>Header Files\aggregations</Filter>
    </ClInclude>
    <ClInclude Include="queueAvg.h">
      <Filter>Header Files\data</Filter>
    </ClInclude>
    <ClInclude Include="minMax.h">
      <Filter>Header Files\data</Filter>
    </ClInclude>
    <ClInclude Include="date.h">
      <Filter>Header Files\data</Filter>
    </ClInclude>
    <ClInclude Include="string.h">
      <Filter>Header Files\data</Filter>
    </ClInclude>
    <ClInclude Include="norm.h">
      <Filter>Header Files\aggregations</Filter>
    </ClInclude>
    <ClInclude Include="neuralnet.h">
      <Filter>Header Files\neuralnet</Filter>
    </ClInclude>
    <ClInclude Include="info.h">
      <Filter>Header Files\info</Filter>
    </ClInclude>
    <ClInclude Include="load.h">
      <Filter>Header Files\info</Filter>
    </ClInclude>
    <ClInclude Include="normT.h">
      <Filter>Header Files\neuralnet</Filter>
    </ClInclude>
  </ItemGroup>
  <ItemGroup>
    <ClCompile Include="main.c">
      <Filter>Source Files</Filter>
    </ClCompile>
    <ClCompile Include="utils.c">
      <Filter>Source Files</Filter>
    </ClCompile>
    <ClCompile Include="avg.c">
      <Filter>Source Files\aggregations</Filter>
    </ClCompile>
    <ClCompile Include="listElem.c">
      <Filter>Source Files\tads</Filter>
    </ClCompile>
    <ClCompile Include="patient.c">
      <Filter>Source Files\data</Filter>
    </ClCompile>
    <ClCompile Include="mapElem.c">
      <Filter>Source Files\tads</Filter>
    </ClCompile>
    <ClCompile Include="districtAvg.c">
      <Filter>Source Files\data</Filter>
    </ClCompile>
    <ClCompile Include="calculateAvg.c">
      <Filter>Source Files\data</Filter>
    </ClCompile>
    <ClCompile Include="stringCode.c">
      <Filter>Source Files\tads</Filter>
    </ClCompile>
    <ClCompile Include="queueElem.c">
      <Filter>Source Files\tads</Filter>
    </ClCompile>
    <ClCompile Include="sort.c">
      <Filter>Source Files\aggregations</Filter>
    </ClCompile>
    <ClCompile Include="checkDistrict.c">
      <Filter>Source Files\aggregations</Filter>
    </ClCompile>
    <ClCompile Include="listTad.c">
      <Filter>Source Files\tads</Filter>
    </ClCompile>
    <ClCompile Include="mapTad.c">
      <Filter>Source Files\tads</Filter>
    </ClCompile>
    <ClCompile Include="queueTad.c">
      <Filter>Source Files\tads</Filter>
    </ClCompile>
    <ClCompile Include="queue.c">
      <Filter>Source Files\aggregations</Filter>
    </ClCompile>
    <ClCompile Include="norm.c">
      <Filter>Source Files\aggregations</Filter>
    </ClCompile>
    <ClCompile Include="loadT.c">
      <Filter>Source Files\neuralnet</Filter>
    </ClCompile>
    <ClCompile Include="neuralnet.c">
      <Filter>Source Files\neuralnet</Filter>
    </ClCompile>
    <ClCompile Include="info.c">
      <Filter>Source Files\info</Filter>
    </ClCompile>
    <ClCompile Include="load.c">
      <Filter>Source Files\info</Filter>
    </ClCompile>
    <ClCompile Include="normT.c">
      <Filter>Source Files\neuralnet</Filter>
    </ClCompile>
  </ItemGroup>
  <ItemGroup>
    <None Include="clinicalData.csv">
      <Filter>Resource Files</Filter>
    </None>
    <None Include="patients.csv">
      <Filter>Resource Files</Filter>
    </None>
    <None Include="..\..\..\..\..\..\..\Downloads\patients_train.csv">
      <Filter>Resource Files</Filter>
    </None>
    <None Include="..\..\..\..\..\..\..\Downloads\clinicalData_train.csv">
      <Filter>Resource Files</Filter>
    </None>
    <None Include="loadT.h">
      <Filter>Header Files\neuralnet</Filter>
    </None>
  </ItemGroup>
</Project>